
Microsoft Visual Studio Solution File, Format Version 12.00
# Visual Studio Version 17
VisualStudioVersion = 17.5.33502.453
MinimumVisualStudioVersion = 10.0.40219.1
Project("{9A19103F-16F7-4668-BE54-9A1E7A4F7556}") = "BlazorQRCodeReaderDemo.ServerSide", "BlazorQRCodeReaderDemo.ServerSide\BlazorQRCodeReaderDemo.ServerSide.csproj", "{F1F27CCF-E9FD-4150-889B-9672043DA036}"
EndProject
Global
	GlobalSection(SolutionConfigurationPlatforms) = preSolution
		Debug|Any CPU = Debug|Any CPU
		Release|Any CPU = Release|Any CPU
	EndGlobalSection
	GlobalSection(ProjectConfigurationPlatforms) = postSolution
		{F1F27CCF-E9FD-4150-889B-9672043DA036}.Debug|Any CPU.ActiveCfg = Debug|Any CPU
		{F1F27CCF-E9FD-4150-889B-9672043DA036}.Debug|Any CPU.Build.0 = Debug|Any CPU
		{F1F27CCF-E9FD-4150-889B-9672043DA036}.Release|Any CPU.ActiveCfg = Release|Any CPU
		{F1F27CCF-E9FD-4150-889B-9672043DA036}.Release|Any CPU.Build.0 = Release|Any CPU
	EndGlobalSection
	GlobalSection(SolutionProperties) = preSolution
		HideSolutionNode = FALSE
	EndGlobalSection
	GlobalSection(ExtensibilityGlobals) = postSolution
		SolutionGuid = {5DA97A11-1D2F-4AFF-821D-A6177D36BB39}
	EndGlobalSection
EndGlobal
